// !$*UTF8*$!
{
	archiveVersion = 1;
	classes = {
	};
	objectVersion = 51;
	objects = {

/* Begin PBXBuildFile section */
		360D4B3C281F6933E57F9531 /* Pods_Pastagram_PastagramUITests.framework in Frameworks */ = {isa = PBXBuildFile; fileRef = 9C5511145291C5CDC78402FE /* Pods_Pastagram_PastagramUITests.framework */; };
		CE7F7910AB5BB346905848A6 /* Pods_PastagramTests.framework in Frameworks */ = {isa = PBXBuildFile; fileRef = 7A78E83106643BA16E662442 /* Pods_PastagramTests.framework */; };
		F0BE124C4430F83D0ABF834F /* Pods_Pastagram.framework in Frameworks */ = {isa = PBXBuildFile; fileRef = F4EEC105F3DA6A1822F1A144 /* Pods_Pastagram.framework */; };
		FA7983F824034D900058D69F /* AppDelegate.swift in Sources */ = {isa = PBXBuildFile; fileRef = FA7983F724034D900058D69F /* AppDelegate.swift */; };
		FA7983FA24034D900058D69F /* SceneDelegate.swift in Sources */ = {isa = PBXBuildFile; fileRef = FA7983F924034D900058D69F /* SceneDelegate.swift */; };
		FA7983FF24034D900058D69F /* Main.storyboard in Resources */ = {isa = PBXBuildFile; fileRef = FA7983FD24034D900058D69F /* Main.storyboard */; };
		FA79840124034D940058D69F /* Assets.xcassets in Resources */ = {isa = PBXBuildFile; fileRef = FA79840024034D940058D69F /* Assets.xcassets */; };
		FA79840424034D940058D69F /* LaunchScreen.storyboard in Resources */ = {isa = PBXBuildFile; fileRef = FA79840224034D940058D69F /* LaunchScreen.storyboard */; };
		FA79840F24034D940058D69F /* PastagramTests.swift in Sources */ = {isa = PBXBuildFile; fileRef = FA79840E24034D940058D69F /* PastagramTests.swift */; };
		FA79841A24034D940058D69F /* PastagramUITests.swift in Sources */ = {isa = PBXBuildFile; fileRef = FA79841924034D940058D69F /* PastagramUITests.swift */; };
		FA79842A24035A980058D69F /* LoginViewController.swift in Sources */ = {isa = PBXBuildFile; fileRef = FA79842924035A980058D69F /* LoginViewController.swift */; };
		FA79842C24035AB10058D69F /* FeedViewController.swift in Sources */ = {isa = PBXBuildFile; fileRef = FA79842B24035AB10058D69F /* FeedViewController.swift */; };
		FA79842E24036C470058D69F /* CameraViewController.swift in Sources */ = {isa = PBXBuildFile; fileRef = FA79842D24036C470058D69F /* CameraViewController.swift */; };
		FA798430240377C60058D69F /* PostsCell.swift in Sources */ = {isa = PBXBuildFile; fileRef = FA79842F240377C60058D69F /* PostsCell.swift */; };
/* End PBXBuildFile section */

/* Begin PBXContainerItemProxy section */
		FA79840B24034D940058D69F /* PBXContainerItemProxy */ = {
			isa = PBXContainerItemProxy;
			containerPortal = FA7983EC24034D900058D69F /* Project object */;
			proxyType = 1;
			remoteGlobalIDString = FA7983F324034D900058D69F;
			remoteInfo = Pastagram;
		};
		FA79841624034D940058D69F /* PBXContainerItemProxy */ = {
			isa = PBXContainerItemProxy;
			containerPortal = FA7983EC24034D900058D69F /* Project object */;
			proxyType = 1;
			remoteGlobalIDString = FA7983F324034D900058D69F;
			remoteInfo = Pastagram;
		};
/* End PBXContainerItemProxy section */

/* Begin PBXFileReference section */
		1954545C607F553D5276806A /* Pods-Pastagram.release.xcconfig */ = {isa = PBXFileReference; includeInIndex = 1; lastKnownFileType = text.xcconfig; name = "Pods-Pastagram.release.xcconfig"; path = "Target Support Files/Pods-Pastagram/Pods-Pastagram.release.xcconfig"; sourceTree = "<group>"; };
		4A31F59979BB52B616E78F2A /* Pods-PastagramTests.debug.xcconfig */ = {isa = PBXFileReference; includeInIndex = 1; lastKnownFileType = text.xcconfig; name = "Pods-PastagramTests.debug.xcconfig"; path = "Target Support Files/Pods-PastagramTests/Pods-PastagramTests.debug.xcconfig"; sourceTree = "<group>"; };
		7A78E83106643BA16E662442 /* Pods_PastagramTests.framework */ = {isa = PBXFileReference; explicitFileType = wrapper.framework; includeInIndex = 0; path = Pods_PastagramTests.framework; sourceTree = BUILT_PRODUCTS_DIR; };
		9C5511145291C5CDC78402FE /* Pods_Pastagram_PastagramUITests.framework */ = {isa = PBXFileReference; explicitFileType = wrapper.framework; includeInIndex = 0; path = Pods_Pastagram_PastagramUITests.framework; sourceTree = BUILT_PRODUCTS_DIR; };
		B5CD531A5C73C8D01344C4A6 /* Pods-Pastagram-PastagramUITests.debug.xcconfig */ = {isa = PBXFileReference; includeInIndex = 1; lastKnownFileType = text.xcconfig; name = "Pods-Pastagram-PastagramUITests.debug.xcconfig"; path = "Target Support Files/Pods-Pastagram-PastagramUITests/Pods-Pastagram-PastagramUITests.debug.xcconfig"; sourceTree = "<group>"; };
		C6CABA15A96C2D69535B89EE /* Pods-Pastagram-PastagramUITests.release.xcconfig */ = {isa = PBXFileReference; includeInIndex = 1; lastKnownFileType = text.xcconfig; name = "Pods-Pastagram-PastagramUITests.release.xcconfig"; path = "Target Support Files/Pods-Pastagram-PastagramUITests/Pods-Pastagram-PastagramUITests.release.xcconfig"; sourceTree = "<group>"; };
		DA6B7F952428037DCDE5DEE6 /* Pods-PastagramTests.release.xcconfig */ = {isa = PBXFileReference; includeInIndex = 1; lastKnownFileType = text.xcconfig; name = "Pods-PastagramTests.release.xcconfig"; path = "Target Support Files/Pods-PastagramTests/Pods-PastagramTests.release.xcconfig"; sourceTree = "<group>"; };
		F4EEC105F3DA6A1822F1A144 /* Pods_Pastagram.framework */ = {isa = PBXFileReference; explicitFileType = wrapper.framework; includeInIndex = 0; path = Pods_Pastagram.framework; sourceTree = BUILT_PRODUCTS_DIR; };
		F6278F4068445BEFFCA17B73 /* Pods-Pastagram.debug.xcconfig */ = {isa = PBXFileReference; includeInIndex = 1; lastKnownFileType = text.xcconfig; name = "Pods-Pastagram.debug.xcconfig"; path = "Target Support Files/Pods-Pastagram/Pods-Pastagram.debug.xcconfig"; sourceTree = "<group>"; };
		FA7983F424034D900058D69F /* Pastagram.app */ = {isa = PBXFileReference; explicitFileType = wrapper.application; includeInIndex = 0; path = Pastagram.app; sourceTree = BUILT_PRODUCTS_DIR; };
		FA7983F724034D900058D69F /* AppDelegate.swift */ = {isa = PBXFileReference; lastKnownFileType = sourcecode.swift; path = AppDelegate.swift; sourceTree = "<group>"; };
		FA7983F924034D900058D69F /* SceneDelegate.swift */ = {isa = PBXFileReference; lastKnownFileType = sourcecode.swift; path = SceneDelegate.swift; sourceTree = "<group>"; };
		FA7983FE24034D900058D69F /* Base */ = {isa = PBXFileReference; lastKnownFileType = file.storyboard; name = Base; path = Base.lproj/Main.storyboard; sourceTree = "<group>"; };
		FA79840024034D940058D69F /* Assets.xcassets */ = {isa = PBXFileReference; lastKnownFileType = folder.assetcatalog; path = Assets.xcassets; sourceTree = "<group>"; };
		FA79840324034D940058D69F /* Base */ = {isa = PBXFileReference; lastKnownFileType = file.storyboard; name = Base; path = Base.lproj/LaunchScreen.storyboard; sourceTree = "<group>"; };
		FA79840524034D940058D69F /* Info.plist */ = {isa = PBXFileReference; lastKnownFileType = text.plist.xml; path = Info.plist; sourceTree = "<group>"; };
		FA79840A24034D940058D69F /* PastagramTests.xctest */ = {isa = PBXFileReference; explicitFileType = wrapper.cfbundle; includeInIndex = 0; path = PastagramTests.xctest; sourceTree = BUILT_PRODUCTS_DIR; };
		FA79840E24034D940058D69F /* PastagramTests.swift */ = {isa = PBXFileReference; lastKnownFileType = sourcecode.swift; path = PastagramTests.swift; sourceTree = "<group>"; };
		FA79841024034D940058D69F /* Info.plist */ = {isa = PBXFileReference; lastKnownFileType = text.plist.xml; path = Info.plist; sourceTree = "<group>"; };
		FA79841524034D940058D69F /* PastagramUITests.xctest */ = {isa = PBXFileReference; explicitFileType = wrapper.cfbundle; includeInIndex = 0; path = PastagramUITests.xctest; sourceTree = BUILT_PRODUCTS_DIR; };
		FA79841924034D940058D69F /* PastagramUITests.swift */ = {isa = PBXFileReference; lastKnownFileType = sourcecode.swift; path = PastagramUITests.swift; sourceTree = "<group>"; };
		FA79841B24034D940058D69F /* Info.plist */ = {isa = PBXFileReference; lastKnownFileType = text.plist.xml; path = Info.plist; sourceTree = "<group>"; };
		FA79842924035A980058D69F /* LoginViewController.swift */ = {isa = PBXFileReference; lastKnownFileType = sourcecode.swift; path = LoginViewController.swift; sourceTree = "<group>"; };
		FA79842B24035AB10058D69F /* FeedViewController.swift */ = {isa = PBXFileReference; lastKnownFileType = sourcecode.swift; path = FeedViewController.swift; sourceTree = "<group>"; };
		FA79842D24036C470058D69F /* CameraViewController.swift */ = {isa = PBXFileReference; lastKnownFileType = sourcecode.swift; path = CameraViewController.swift; sourceTree = "<group>"; };
		FA79842F240377C60058D69F /* PostsCell.swift */ = {isa = PBXFileReference; lastKnownFileType = sourcecode.swift; path = PostsCell.swift; sourceTree = "<group>"; };
/* End PBXFileReference section */

/* Begin PBXFrameworksBuildPhase section */
		FA7983F124034D900058D69F /* Frameworks */ = {
			isa = PBXFrameworksBuildPhase;
			buildActionMask = 2147483647;
			files = (
				F0BE124C4430F83D0ABF834F /* Pods_Pastagram.framework in Frameworks */,
			);
			runOnlyForDeploymentPostprocessing = 0;
		};
		FA79840724034D940058D69F /* Frameworks */ = {
			isa = PBXFrameworksBuildPhase;
			buildActionMask = 2147483647;
			files = (
				CE7F7910AB5BB346905848A6 /* Pods_PastagramTests.framework in Frameworks */,
			);
			runOnlyForDeploymentPostprocessing = 0;
		};
		FA79841224034D940058D69F /* Frameworks */ = {
			isa = PBXFrameworksBuildPhase;
			buildActionMask = 2147483647;
			files = (
				360D4B3C281F6933E57F9531 /* Pods_Pastagram_PastagramUITests.framework in Frameworks */,
			);
			runOnlyForDeploymentPostprocessing = 0;
		};
/* End PBXFrameworksBuildPhase section */

/* Begin PBXGroup section */
		4FCC3015A058136A9495F19D /* Frameworks */ = {
			isa = PBXGroup;
			children = (
				F4EEC105F3DA6A1822F1A144 /* Pods_Pastagram.framework */,
				9C5511145291C5CDC78402FE /* Pods_Pastagram_PastagramUITests.framework */,
				7A78E83106643BA16E662442 /* Pods_PastagramTests.framework */,
			);
			name = Frameworks;
			sourceTree = "<group>";
		};
		F9AC77EFF6A2AC7E37B7216F /* Pods */ = {
			isa = PBXGroup;
			children = (
				F6278F4068445BEFFCA17B73 /* Pods-Pastagram.debug.xcconfig */,
				1954545C607F553D5276806A /* Pods-Pastagram.release.xcconfig */,
				B5CD531A5C73C8D01344C4A6 /* Pods-Pastagram-PastagramUITests.debug.xcconfig */,
				C6CABA15A96C2D69535B89EE /* Pods-Pastagram-PastagramUITests.release.xcconfig */,
				4A31F59979BB52B616E78F2A /* Pods-PastagramTests.debug.xcconfig */,
				DA6B7F952428037DCDE5DEE6 /* Pods-PastagramTests.release.xcconfig */,
			);
			path = Pods;
			sourceTree = "<group>";
		};
		FA7983EB24034D900058D69F = {
			isa = PBXGroup;
			children = (
				FA7983F624034D900058D69F /* Pastagram */,
				FA79840D24034D940058D69F /* PastagramTests */,
				FA79841824034D940058D69F /* PastagramUITests */,
				FA7983F524034D900058D69F /* Products */,
				F9AC77EFF6A2AC7E37B7216F /* Pods */,
				4FCC3015A058136A9495F19D /* Frameworks */,
			);
			sourceTree = "<group>";
		};
		FA7983F524034D900058D69F /* Products */ = {
			isa = PBXGroup;
			children = (
				FA7983F424034D900058D69F /* Pastagram.app */,
				FA79840A24034D940058D69F /* PastagramTests.xctest */,
				FA79841524034D940058D69F /* PastagramUITests.xctest */,
			);
			name = Products;
			sourceTree = "<group>";
		};
		FA7983F624034D900058D69F /* Pastagram */ = {
			isa = PBXGroup;
			children = (
				FA7983F724034D900058D69F /* AppDelegate.swift */,
				FA7983F924034D900058D69F /* SceneDelegate.swift */,
				FA79842924035A980058D69F /* LoginViewController.swift */,
				FA79842B24035AB10058D69F /* FeedViewController.swift */,
				FA79842D24036C470058D69F /* CameraViewController.swift */,
				FA79842F240377C60058D69F /* PostsCell.swift */,
				FA7983FD24034D900058D69F /* Main.storyboard */,
				FA79840024034D940058D69F /* Assets.xcassets */,
				FA79840224034D940058D69F /* LaunchScreen.storyboard */,
				FA79840524034D940058D69F /* Info.plist */,
			);
			path = Pastagram;
			sourceTree = "<group>";
		};
		FA79840D24034D940058D69F /* PastagramTests */ = {
			isa = PBXGroup;
			children = (
				FA79840E24034D940058D69F /* PastagramTests.swift */,
				FA79841024034D940058D69F /* Info.plist */,
			);
			path = PastagramTests;
			sourceTree = "<group>";
		};
		FA79841824034D940058D69F /* PastagramUITests */ = {
			isa = PBXGroup;
			children = (
				FA79841924034D940058D69F /* PastagramUITests.swift */,
				FA79841B24034D940058D69F /* Info.plist */,
			);
			path = PastagramUITests;
			sourceTree = "<group>";
		};
/* End PBXGroup section */

/* Begin PBXNativeTarget section */
		FA7983F324034D900058D69F /* Pastagram */ = {
			isa = PBXNativeTarget;
			buildConfigurationList = FA79841E24034D940058D69F /* Build configuration list for PBXNativeTarget "Pastagram" */;
			buildPhases = (
				7654DDCFD105950E042E6A19 /* [CP] Check Pods Manifest.lock */,
				FA7983F024034D900058D69F /* Sources */,
				FA7983F124034D900058D69F /* Frameworks */,
				FA7983F224034D900058D69F /* Resources */,
				5D5E80BA643F8F092A6FAA26 /* [CP] Embed Pods Frameworks */,
			);
			buildRules = (
			);
			dependencies = (
			);
			name = Pastagram;
			productName = Pastagram;
			productReference = FA7983F424034D900058D69F /* Pastagram.app */;
			productType = "com.apple.product-type.application";
		};
		FA79840924034D940058D69F /* PastagramTests */ = {
			isa = PBXNativeTarget;
			buildConfigurationList = FA79842124034D940058D69F /* Build configuration list for PBXNativeTarget "PastagramTests" */;
			buildPhases = (
				5A657AC2E8847B02EC000324 /* [CP] Check Pods Manifest.lock */,
				FA79840624034D940058D69F /* Sources */,
				FA79840724034D940058D69F /* Frameworks */,
				FA79840824034D940058D69F /* Resources */,
			);
			buildRules = (
			);
			dependencies = (
				FA79840C24034D940058D69F /* PBXTargetDependency */,
			);
			name = PastagramTests;
			productName = PastagramTests;
			productReference = FA79840A24034D940058D69F /* PastagramTests.xctest */;
			productType = "com.apple.product-type.bundle.unit-test";
		};
		FA79841424034D940058D69F /* PastagramUITests */ = {
			isa = PBXNativeTarget;
			buildConfigurationList = FA79842424034D940058D69F /* Build configuration list for PBXNativeTarget "PastagramUITests" */;
			buildPhases = (
				3830683192FE3753E92CC89D /* [CP] Check Pods Manifest.lock */,
				FA79841124034D940058D69F /* Sources */,
				FA79841224034D940058D69F /* Frameworks */,
				FA79841324034D940058D69F /* Resources */,
				145CF8106D70BBECC01B7FF4 /* [CP] Embed Pods Frameworks */,
			);
			buildRules = (
			);
			dependencies = (
				FA79841724034D940058D69F /* PBXTargetDependency */,
			);
			name = PastagramUITests;
			productName = PastagramUITests;
			productReference = FA79841524034D940058D69F /* PastagramUITests.xctest */;
			productType = "com.apple.product-type.bundle.ui-testing";
		};
/* End PBXNativeTarget section */

/* Begin PBXProject section */
		FA7983EC24034D900058D69F /* Project object */ = {
			isa = PBXProject;
			attributes = {
				LastSwiftUpdateCheck = 1130;
				LastUpgradeCheck = 1130;
				ORGANIZATIONNAME = "Alex Trejo";
				TargetAttributes = {
					FA7983F324034D900058D69F = {
						CreatedOnToolsVersion = 11.3.1;
					};
					FA79840924034D940058D69F = {
						CreatedOnToolsVersion = 11.3.1;
						TestTargetID = FA7983F324034D900058D69F;
					};
					FA79841424034D940058D69F = {
						CreatedOnToolsVersion = 11.3.1;
						TestTargetID = FA7983F324034D900058D69F;
					};
				};
			};
			buildConfigurationList = FA7983EF24034D900058D69F /* Build configuration list for PBXProject "Pastagram" */;
			compatibilityVersion = "Xcode 9.3";
			developmentRegion = en;
			hasScannedForEncodings = 0;
			knownRegions = (
				en,
				Base,
			);
			mainGroup = FA7983EB24034D900058D69F;
			productRefGroup = FA7983F524034D900058D69F /* Products */;
			projectDirPath = "";
			projectRoot = "";
			targets = (
				FA7983F324034D900058D69F /* Pastagram */,
				FA79840924034D940058D69F /* PastagramTests */,
				FA79841424034D940058D69F /* PastagramUITests */,
			);
		};
/* End PBXProject section */

/* Begin PBXResourcesBuildPhase section */
		FA7983F224034D900058D69F /* Resources */ = {
			isa = PBXResourcesBuildPhase;
			buildActionMask = 2147483647;
			files = (
				FA79840424034D940058D69F /* LaunchScreen.storyboard in Resources */,
				FA79840124034D940058D69F /* Assets.xcassets in Resources */,
				FA7983FF24034D900058D69F /* Main.storyboard in Resources */,
			);
			runOnlyForDeploymentPostprocessing = 0;
		};
		FA79840824034D940058D69F /* Resources */ = {
			isa = PBXResourcesBuildPhase;
			buildActionMask = 2147483647;
			files = (
			);
			runOnlyForDeploymentPostprocessing = 0;
		};
		FA79841324034D940058D69F /* Resources */ = {
			isa = PBXResourcesBuildPhase;
			buildActionMask = 2147483647;
			files = (
			);
			runOnlyForDeploymentPostprocessing = 0;
		};
/* End PBXResourcesBuildPhase section */

/* Begin PBXShellScriptBuildPhase section */
		145CF8106D70BBECC01B7FF4 /* [CP] Embed Pods Frameworks */ = {
			isa = PBXShellScriptBuildPhase;
			buildActionMask = 2147483647;
			files = (
			);
			inputFileListPaths = (
				"${PODS_ROOT}/Target Support Files/Pods-Pastagram-PastagramUITests/Pods-Pastagram-PastagramUITests-frameworks-${CONFIGURATION}-input-files.xcfilelist",
			);
			name = "[CP] Embed Pods Frameworks";
			outputFileListPaths = (
				"${PODS_ROOT}/Target Support Files/Pods-Pastagram-PastagramUITests/Pods-Pastagram-PastagramUITests-frameworks-${CONFIGURATION}-output-files.xcfilelist",
			);
			runOnlyForDeploymentPostprocessing = 0;
			shellPath = /bin/sh;
			shellScript = "\"${PODS_ROOT}/Target Support Files/Pods-Pastagram-PastagramUITests/Pods-Pastagram-PastagramUITests-frameworks.sh\"\n";
			showEnvVarsInLog = 0;
		};
		3830683192FE3753E92CC89D /* [CP] Check Pods Manifest.lock */ = {
			isa = PBXShellScriptBuildPhase;
			buildActionMask = 2147483647;
			files = (
			);
			inputFileListPaths = (
			);
			inputPaths = (
				"${PODS_PODFILE_DIR_PATH}/Podfile.lock",
				"${PODS_ROOT}/Manifest.lock",
			);
			name = "[CP] Check Pods Manifest.lock";
			outputFileListPaths = (
			);
			outputPaths = (
				"$(DERIVED_FILE_DIR)/Pods-Pastagram-PastagramUITests-checkManifestLockResult.txt",
			);
			runOnlyForDeploymentPostprocessing = 0;
			shellPath = /bin/sh;
			shellScript = "diff \"${PODS_PODFILE_DIR_PATH}/Podfile.lock\" \"${PODS_ROOT}/Manifest.lock\" > /dev/null\nif [ $? != 0 ] ; then\n    # print error to STDERR\n    echo \"error: The sandbox is not in sync with the Podfile.lock. Run 'pod install' or update your CocoaPods installation.\" >&2\n    exit 1\nfi\n# This output is used by Xcode 'outputs' to avoid re-running this script phase.\necho \"SUCCESS\" > \"${SCRIPT_OUTPUT_FILE_0}\"\n";
			showEnvVarsInLog = 0;
		};
		5A657AC2E8847B02EC000324 /* [CP] Check Pods Manifest.lock */ = {
			isa = PBXShellScriptBuildPhase;
			buildActionMask = 2147483647;
			files = (
			);
			inputFileListPaths = (
			);
			inputPaths = (
				"${PODS_PODFILE_DIR_PATH}/Podfile.lock",
				"${PODS_ROOT}/Manifest.lock",
			);
			name = "[CP] Check Pods Manifest.lock";
			outputFileListPaths = (
			);
			outputPaths = (
				"$(DERIVED_FILE_DIR)/Pods-PastagramTests-checkManifestLockResult.txt",
			);
			runOnlyForDeploymentPostprocessing = 0;
			shellPath = /bin/sh;
			shellScript = "diff \"${PODS_PODFILE_DIR_PATH}/Podfile.lock\" \"${PODS_ROOT}/Manifest.lock\" > /dev/null\nif [ $? != 0 ] ; then\n    # print error to STDERR\n    echo \"error: The sandbox is not in sync with the Podfile.lock. Run 'pod install' or update your CocoaPods installation.\" >&2\n    exit 1\nfi\n# This output is used by Xcode 'outputs' to avoid re-running this script phase.\necho \"SUCCESS\" > \"${SCRIPT_OUTPUT_FILE_0}\"\n";
			showEnvVarsInLog = 0;
		};
		5D5E80BA643F8F092A6FAA26 /* [CP] Embed Pods Frameworks */ = {
			isa = PBXShellScriptBuildPhase;
			buildActionMask = 2147483647;
			files = (
			);
			inputFileListPaths = (
				"${PODS_ROOT}/Target Support Files/Pods-Pastagram/Pods-Pastagram-frameworks-${CONFIGURATION}-input-files.xcfilelist",
			);
			name = "[CP] Embed Pods Frameworks";
			outputFileListPaths = (
				"${PODS_ROOT}/Target Support Files/Pods-Pastagram/Pods-Pastagram-frameworks-${CONFIGURATION}-output-files.xcfilelist",
			);
			runOnlyForDeploymentPostprocessing = 0;
			shellPath = /bin/sh;
			shellScript = "\"${PODS_ROOT}/Target Support Files/Pods-Pastagram/Pods-Pastagram-frameworks.sh\"\n";
			showEnvVarsInLog = 0;
		};
		7654DDCFD105950E042E6A19 /* [CP] Check Pods Manifest.lock */ = {
			isa = PBXShellScriptBuildPhase;
			buildActionMask = 2147483647;
			files = (
			);
			inputFileListPaths = (
			);
			inputPaths = (
				"${PODS_PODFILE_DIR_PATH}/Podfile.lock",
				"${PODS_ROOT}/Manifest.lock",
			);
			name = "[CP] Check Pods Manifest.lock";
			outputFileListPaths = (
			);
			outputPaths = (
				"$(DERIVED_FILE_DIR)/Pods-Pastagram-checkManifestLockResult.txt",
			);
			runOnlyForDeploymentPostprocessing = 0;
			shellPath = /bin/sh;
			shellScript = "diff \"${PODS_PODFILE_DIR_PATH}/Podfile.lock\" \"${PODS_ROOT}/Manifest.lock\" > /dev/null\nif [ $? != 0 ] ; then\n    # print error to STDERR\n    echo \"error: The sandbox is not in sync with the Podfile.lock. Run 'pod install' or update your CocoaPods installation.\" >&2\n    exit 1\nfi\n# This output is used by Xcode 'outputs' to avoid re-running this script phase.\necho \"SUCCESS\" > \"${SCRIPT_OUTPUT_FILE_0}\"\n";
			showEnvVarsInLog = 0;
		};
/* End PBXShellScriptBuildPhase section */

/* Begin PBXSourcesBuildPhase section */
		FA7983F024034D900058D69F /* Sources */ = {
			isa = PBXSourcesBuildPhase;
			buildActionMask = 2147483647;
			files = (
				FA79842A24035A980058D69F /* LoginViewController.swift in Sources */,
				FA79842E24036C470058D69F /* CameraViewController.swift in Sources */,
				FA7983F824034D900058D69F /* AppDelegate.swift in Sources */,
				FA798430240377C60058D69F /* PostsCell.swift in Sources */,
				FA79842C24035AB10058D69F /* FeedViewController.swift in Sources */,
				FA7983FA24034D900058D69F /* SceneDelegate.swift in Sources */,
			);
			runOnlyForDeploymentPostprocessing = 0;
		};
		FA79840624034D940058D69F /* Sources */ = {
			isa = PBXSourcesBuildPhase;
			buildActionMask = 2147483647;
			files = (
				FA79840F24034D940058D69F /* PastagramTests.swift in Sources */,
			);
			runOnlyForDeploymentPostprocessing = 0;
		};
		FA79841124034D940058D69F /* Sources */ = {
			isa = PBXSourcesBuildPhase;
			buildActionMask = 2147483647;
			files = (
				FA79841A24034D940058D69F /* PastagramUITests.swift in Sources */,
			);
			runOnlyForDeploymentPostprocessing = 0;
		};
/* End PBXSourcesBuildPhase section */

/* Begin PBXTargetDependency section */
		FA79840C24034D940058D69F /* PBXTargetDependency */ = {
			isa = PBXTargetDependency;
			target = FA7983F324034D900058D69F /* Pastagram */;
			targetProxy = FA79840B24034D940058D69F /* PBXContainerItemProxy */;
		};
		FA79841724034D940058D69F /* PBXTargetDependency */ = {
			isa = PBXTargetDependency;
			target = FA7983F324034D900058D69F /* Pastagram */;
			targetProxy = FA79841624034D940058D69F /* PBXContainerItemProxy */;
		};
/* End PBXTargetDependency section */

/* Begin PBXVariantGroup section */
		FA7983FD24034D900058D69F /* Main.storyboard */ = {
			isa = PBXVariantGroup;
			children = (
				FA7983FE24034D900058D69F /* Base */,
			);
			name = Main.storyboard;
			sourceTree = "<group>";
		};
		FA79840224034D940058D69F /* LaunchScreen.storyboard */ = {
			isa = PBXVariantGroup;
			children = (
				FA79840324034D940058D69F /* Base */,
			);
			name = LaunchScreen.storyboard;
			sourceTree = "<group>";
		};
/* End PBXVariantGroup section */

/* Begin XCBuildConfiguration section */
		FA79841C24034D940058D69F /* Debug */ = {
			isa = XCBuildConfiguration;
			buildSettings = {
				ALWAYS_SEARCH_USER_PATHS = NO;
				CLANG_ANALYZER_NONNULL = YES;
				CLANG_ANALYZER_NUMBER_OBJECT_CONVERSION = YES_AGGRESSIVE;
				CLANG_CXX_LANGUAGE_STANDARD = "gnu++14";
				CLANG_CXX_LIBRARY = "libc++";
				CLANG_ENABLE_MODULES = YES;
				CLANG_ENABLE_OBJC_ARC = YES;
				CLANG_ENABLE_OBJC_WEAK = YES;
				CLANG_WARN_BLOCK_CAPTURE_AUTORELEASING = YES;
				CLANG_WARN_BOOL_CONVERSION = YES;
				CLANG_WARN_COMMA = YES;
				CLANG_WARN_CONSTANT_CONVERSION = YES;
				CLANG_WARN_DEPRECATED_OBJC_IMPLEMENTATIONS = YES;
				CLANG_WARN_DIRECT_OBJC_ISA_USAGE = YES_ERROR;
				CLANG_WARN_DOCUMENTATION_COMMENTS = YES;
				CLANG_WARN_EMPTY_BODY = YES;
				CLANG_WARN_ENUM_CONVERSION = YES;
				CLANG_WARN_INFINITE_RECURSION = YES;
				CLANG_WARN_INT_CONVERSION = YES;
				CLANG_WARN_NON_LITERAL_NULL_CONVERSION = YES;
				CLANG_WARN_OBJC_IMPLICIT_RETAIN_SELF = YES;
				CLANG_WARN_OBJC_LITERAL_CONVERSION = YES;
				CLANG_WARN_OBJC_ROOT_CLASS = YES_ERROR;
				CLANG_WARN_RANGE_LOOP_ANALYSIS = YES;
				CLANG_WARN_STRICT_PROTOTYPES = YES;
				CLANG_WARN_SUSPICIOUS_MOVE = YES;
				CLANG_WARN_UNGUARDED_AVAILABILITY = YES_AGGRESSIVE;
				CLANG_WARN_UNREACHABLE_CODE = YES;
				CLANG_WARN__DUPLICATE_METHOD_MATCH = YES;
				COPY_PHASE_STRIP = NO;
				DEBUG_INFORMATION_FORMAT = dwarf;
				ENABLE_STRICT_OBJC_MSGSEND = YES;
				ENABLE_TESTABILITY = YES;
				GCC_C_LANGUAGE_STANDARD = gnu11;
				GCC_DYNAMIC_NO_PIC = NO;
				GCC_NO_COMMON_BLOCKS = YES;
				GCC_OPTIMIZATION_LEVEL = 0;
				GCC_PREPROCESSOR_DEFINITIONS = (
					"DEBUG=1",
					"$(inherited)",
				);
				GCC_WARN_64_TO_32_BIT_CONVERSION = YES;
				GCC_WARN_ABOUT_RETURN_TYPE = YES_ERROR;
				GCC_WARN_UNDECLARED_SELECTOR = YES;
				GCC_WARN_UNINITIALIZED_AUTOS = YES_AGGRESSIVE;
				GCC_WARN_UNUSED_FUNCTION = YES;
				GCC_WARN_UNUSED_VARIABLE = YES;
				IPHONEOS_DEPLOYMENT_TARGET = 13.2;
				MTL_ENABLE_DEBUG_INFO = INCLUDE_SOURCE;
				MTL_FAST_MATH = YES;
				ONLY_ACTIVE_ARCH = YES;
				SDKROOT = iphoneos;
				SWIFT_ACTIVE_COMPILATION_CONDITIONS = DEBUG;
				SWIFT_OPTIMIZATION_LEVEL = "-Onone";
			};
			name = Debug;
		};
		FA79841D24034D940058D69F /* Release */ = {
			isa = XCBuildConfiguration;
			buildSettings = {
				ALWAYS_SEARCH_USER_PATHS = NO;
				CLANG_ANALYZER_NONNULL = YES;
				CLANG_ANALYZER_NUMBER_OBJECT_CONVERSION = YES_AGGRESSIVE;
				CLANG_CXX_LANGUAGE_STANDARD = "gnu++14";
				CLANG_CXX_LIBRARY = "libc++";
				CLANG_ENABLE_MODULES = YES;
				CLANG_ENABLE_OBJC_ARC = YES;
				CLANG_ENABLE_OBJC_WEAK = YES;
				CLANG_WARN_BLOCK_CAPTURE_AUTORELEASING = YES;
				CLANG_WARN_BOOL_CONVERSION = YES;
				CLANG_WARN_COMMA = YES;
				CLANG_WARN_CONSTANT_CONVERSION = YES;
				CLANG_WARN_DEPRECATED_OBJC_IMPLEMENTATIONS = YES;
				CLANG_WARN_DIRECT_OBJC_ISA_USAGE = YES_ERROR;
				CLANG_WARN_DOCUMENTATION_COMMENTS = YES;
				CLANG_WARN_EMPTY_BODY = YES;
				CLANG_WARN_ENUM_CONVERSION = YES;
				CLANG_WARN_INFINITE_RECURSION = YES;
				CLANG_WARN_INT_CONVERSION = YES;
				CLANG_WARN_NON_LITERAL_NULL_CONVERSION = YES;
				CLANG_WARN_OBJC_IMPLICIT_RETAIN_SELF = YES;
				CLANG_WARN_OBJC_LITERAL_CONVERSION = YES;
				CLANG_WARN_OBJC_ROOT_CLASS = YES_ERROR;
				CLANG_WARN_RANGE_LOOP_ANALYSIS = YES;
				CLANG_WARN_STRICT_PROTOTYPES = YES;
				CLANG_WARN_SUSPICIOUS_MOVE = YES;
				CLANG_WARN_UNGUARDED_AVAILABILITY = YES_AGGRESSIVE;
				CLANG_WARN_UNREACHABLE_CODE = YES;
				CLANG_WARN__DUPLICATE_METHOD_MATCH = YES;
				COPY_PHASE_STRIP = NO;
				DEBUG_INFORMATION_FORMAT = "dwarf-with-dsym";
				ENABLE_NS_ASSERTIONS = NO;
				ENABLE_STRICT_OBJC_MSGSEND = YES;
				GCC_C_LANGUAGE_STANDARD = gnu11;
				GCC_NO_COMMON_BLOCKS = YES;
				GCC_WARN_64_TO_32_BIT_CONVERSION = YES;
				GCC_WARN_ABOUT_RETURN_TYPE = YES_ERROR;
				GCC_WARN_UNDECLARED_SELECTOR = YES;
				GCC_WARN_UNINITIALIZED_AUTOS = YES_AGGRESSIVE;
				GCC_WARN_UNUSED_FUNCTION = YES;
				GCC_WARN_UNUSED_VARIABLE = YES;
				IPHONEOS_DEPLOYMENT_TARGET = 13.2;
				MTL_ENABLE_DEBUG_INFO = NO;
				MTL_FAST_MATH = YES;
				SDKROOT = iphoneos;
				SWIFT_COMPILATION_MODE = wholemodule;
				SWIFT_OPTIMIZATION_LEVEL = "-O";
				VALIDATE_PRODUCT = YES;
			};
			name = Release;
		};
		FA79841F24034D940058D69F /* Debug */ = {
			isa = XCBuildConfiguration;
			baseConfigurationReference = F6278F4068445BEFFCA17B73 /* Pods-Pastagram.debug.xcconfig */;
			buildSettings = {
				ASSETCATALOG_COMPILER_APPICON_NAME = AppIcon;
				CODE_SIGN_STYLE = Automatic;
				DEVELOPMENT_TEAM = VA5KG46Z2W;
				INFOPLIST_FILE = Pastagram/Info.plist;
				LD_RUNPATH_SEARCH_PATHS = (
					"$(inherited)",
					"@executable_path/Frameworks",
				);
				PRODUCT_BUNDLE_IDENTIFIER = Trejo.Pastagram;
				PRODUCT_NAME = "$(TARGET_NAME)";
				SWIFT_VERSION = 5.0;
				TARGETED_DEVICE_FAMILY = "1,2";
			};
			name = Debug;
		};
		FA79842024034D940058D69F /* Release */ = {
			isa = XCBuildConfiguration;
			baseConfigurationReference = 1954545C607F553D5276806A /* Pods-Pastagram.release.xcconfig */;
			buildSettings = {
				ASSETCATALOG_COMPILER_APPICON_NAME = AppIcon;
				CODE_SIGN_STYLE = Automatic;
				DEVELOPMENT_TEAM = VA5KG46Z2W;
				INFOPLIST_FILE = Pastagram/Info.plist;
				LD_RUNPATH_SEARCH_PATHS = (
					"$(inherited)",
					"@executable_path/Frameworks",
				);
				PRODUCT_BUNDLE_IDENTIFIER = Trejo.Pastagram;
				PRODUCT_NAME = "$(TARGET_NAME)";
				SWIFT_VERSION = 5.0;
				TARGETED_DEVICE_FAMILY = "1,2";
			};
			name = Release;
		};
		FA79842224034D940058D69F /* Debug */ = {
			isa = XCBuildConfiguration;
			baseConfigurationReference = 4A31F59979BB52B616E78F2A /* Pods-PastagramTests.debug.xcconfig */;
			buildSettings = {
				ALWAYS_EMBED_SWIFT_STANDARD_LIBRARIES = YES;
				BUNDLE_LOADER = "$(TEST_HOST)";
				CODE_SIGN_STYLE = Automatic;
				DEVELOPMENT_TEAM = VA5KG46Z2W;
				INFOPLIST_FILE = PastagramTests/Info.plist;
				IPHONEOS_DEPLOYMENT_TARGET = 13.2;
				LD_RUNPATH_SEARCH_PATHS = (
					"$(inherited)",
					"@executable_path/Frameworks",
					"@loader_path/Frameworks",
				);
				PRODUCT_BUNDLE_IDENTIFIER = Trejo.PastagramTests;
				PRODUCT_NAME = "$(TARGET_NAME)";
				SWIFT_VERSION = 5.0;
				TARGETED_DEVICE_FAMILY = "1,2";
				TEST_HOST = "$(BUILT_PRODUCTS_DIR)/Pastagram.app/Pastagram";
			};
			name = Debug;
		};
		FA79842324034D940058D69F /* Release */ = {
			isa = XCBuildConfiguration;
			baseConfigurationReference = DA6B7F952428037DCDE5DEE6 /* Pods-PastagramTests.release.xcconfig */;
			buildSettings = {
				ALWAYS_EMBED_SWIFT_STANDARD_LIBRARIES = YES;
				BUNDLE_LOADER = "$(TEST_HOST)";
				CODE_SIGN_STYLE = Automatic;
				DEVELOPMENT_TEAM = VA5KG46Z2W;
				INFOPLIST_FILE = PastagramTests/Info.plist;
				IPHONEOS_DEPLOYMENT_TARGET = 13.2;
				LD_RUNPATH_SEARCH_PATHS = (
					"$(inherited)",
					"@executable_path/Frameworks",
					"@loader_path/Frameworks",
				);
				PRODUCT_BUNDLE_IDENTIFIER = Trejo.PastagramTests;
				PRODUCT_NAME = "$(TARGET_NAME)";
				SWIFT_VERSION = 5.0;
				TARGETED_DEVICE_FAMILY = "1,2";
				TEST_HOST = "$(BUILT_PRODUCTS_DIR)/Pastagram.app/Pastagram";
			};
			name = Release;
		};
		FA79842524034D940058D69F /* Debug */ = {
			isa = XCBuildConfiguration;
			baseConfigurationReference = B5CD531A5C73C8D01344C4A6 /* Pods-Pastagram-PastagramUITests.debug.xcconfig */;
			buildSettings = {
				ALWAYS_EMBED_SWIFT_STANDARD_LIBRARIES = YES;
				CODE_SIGN_STYLE = Automatic;
				DEVELOPMENT_TEAM = VA5KG46Z2W;
				INFOPLIST_FILE = PastagramUITests/Info.plist;
				LD_RUNPATH_SEARCH_PATHS = (
					"$(inherited)",
					"@executable_path/Frameworks",
					"@loader_path/Frameworks",
				);
				PRODUCT_BUNDLE_IDENTIFIER = Trejo.PastagramUITests;
				PRODUCT_NAME = "$(TARGET_NAME)";
				SWIFT_VERSION = 5.0;
				TARGETED_DEVICE_FAMILY = "1,2";
				TEST_TARGET_NAME = Pastagram;
			};
			name = Debug;
		};
		FA79842624034D940058D69F /* Release */ = {
			isa = XCBuildConfiguration;
			baseConfigurationReference = C6CABA15A96C2D69535B89EE /* Pods-Pastagram-PastagramUITests.release.xcconfig */;
			buildSettings = {
				ALWAYS_EMBED_SWIFT_STANDARD_LIBRARIES = YES;
				CODE_SIGN_STYLE = Automatic;
				DEVELOPMENT_TEAM = VA5KG46Z2W;
				INFOPLIST_FILE = PastagramUITests/Info.plist;
				LD_RUNPATH_SEARCH_PATHS = (
					"$(inherited)",
					"@executable_path/Frameworks",
					"@loader_path/Frameworks",
				);
				PRODUCT_BUNDLE_IDENTIFIER = Trejo.PastagramUITests;
				PRODUCT_NAME = "$(TARGET_NAME)";
				SWIFT_VERSION = 5.0;
				TARGETED_DEVICE_FAMILY = "1,2";
				TEST_TARGET_NAME = Pastagram;
			};
			name = Release;
		};
/* End XCBuildConfiguration section */

/* Begin XCConfigurationList section */
		FA7983EF24034D900058D69F /* Build configuration list for PBXProject "Pastagram" */ = {
			isa = XCConfigurationList;
			buildConfigurations = (
				FA79841C24034D940058D69F /* Debug */,
				FA79841D24034D940058D69F /* Release */,
			);
			defaultConfigurationIsVisible = 0;
			defaultConfigurationName = Release;
		};
		FA79841E24034D940058D69F /* Build configuration list for PBXNativeTarget "Pastagram" */ = {
			isa = XCConfigurationList;
			buildConfigurations = (
				FA79841F24034D940058D69F /* Debug */,
				FA79842024034D940058D69F /* Release */,
			);
			defaultConfigurationIsVisible = 0;
			defaultConfigurationName = Release;
		};
		FA79842124034D940058D69F /* Build configuration list for PBXNativeTarget "PastagramTests" */ = {
			isa = XCConfigurationList;
			buildConfigurations = (
				FA79842224034D940058D69F /* Debug */,
				FA79842324034D940058D69F /* Release */,
			);
			defaultConfigurationIsVisible = 0;
			defaultConfigurationName = Release;
		};
		FA79842424034D940058D69F /* Build configuration list for PBXNativeTarget "PastagramUITests" */ = {
			isa = XCConfigurationList;
			buildConfigurations = (
				FA79842524034D940058D69F /* Debug */,
				FA79842624034D940058D69F /* Release */,
			);
			defaultConfigurationIsVisible = 0;
			defaultConfigurationName = Release;
		};
/* End XCConfigurationList section */
	};
	rootObject = FA7983EC24034D900058D69F /* Project object */;
}
